
Microsoft Visual Studio Solution File, Format Version 12.00
# Visual Studio Version 17
VisualStudioVersion = 17.0.32014.148
MinimumVisualStudioVersion = 10.0.40219.1
Project("{FAE04EC0-301F-11D3-BF4B-00C04F79EFBC}") = "CaliburnMicroApp_Practice3", "CaliburnMicroApp_Practice3\CaliburnMicroApp_Practice3.csproj", "{1E55CF3C-2D6A-44FE-8E56-D196A998490F}"
EndProject
Global
	GlobalSection(SolutionConfigurationPlatforms) = preSolution
		Debug|Any CPU = Debug|Any CPU
		Release|Any CPU = Release|Any CPU
	EndGlobalSection
	GlobalSection(ProjectConfigurationPlatforms) = postSolution
		{1E55CF3C-2D6A-44FE-8E56-D196A998490F}.Debug|Any CPU.ActiveCfg = Debug|Any CPU
		{1E55CF3C-2D6A-44FE-8E56-D196A998490F}.Debug|Any CPU.Build.0 = Debug|Any CPU
		{1E55CF3C-2D6A-44FE-8E56-D196A998490F}.Release|Any CPU.ActiveCfg = Release|Any CPU
		{1E55CF3C-2D6A-44FE-8E56-D196A998490F}.Release|Any CPU.Build.0 = Release|Any CPU
	EndGlobalSection
	GlobalSection(SolutionProperties) = preSolution
		HideSolutionNode = FALSE
	EndGlobalSection
	GlobalSection(ExtensibilityGlobals) = postSolution
		SolutionGuid = {3F24E14C-B13D-49BB-A6ED-9C64504C5D16}
	EndGlobalSection
EndGlobal
